
Microsoft Visual Studio Solution File, Format Version 12.00
# Visual Studio Version 17
VisualStudioVersion = 17.9.34607.119
MinimumVisualStudioVersion = 10.0.40219.1
Project("{2150E333-8FDC-42A3-9474-1A3956D46DE8}") = "Services", "Services", "{88995739-A081-4626-A4FF-CC3E5A10212B}"
EndProject
Project("{2150E333-8FDC-42A3-9474-1A3956D46DE8}") = "Catalog", "Catalog", "{1AC3BDF2-4D2C-4A39-A99F-14B72DFAF532}"
EndProject
Project("{9A19103F-16F7-4668-BE54-9A1E7A4F7556}") = "Catalog.API", "Services\Catalog\Catalog.API\Catalog.API.csproj", "{C7401828-F7A7-441D-BD35-9441A15EFB8B}"
EndProject
Project("{E53339B2-1760-4266-BCC7-CA923CBCF16C}") = "docker-compose", "docker-compose.dcproj", "{ED163AA0-2B5C-4EBA-A69C-D735CF206D61}"
EndProject
Global
	GlobalSection(SolutionConfigurationPlatforms) = preSolution
		Debug|Any CPU = Debug|Any CPU
		Release|Any CPU = Release|Any CPU
	EndGlobalSection
	GlobalSection(ProjectConfigurationPlatforms) = postSolution
		{C7401828-F7A7-441D-BD35-9441A15EFB8B}.Debug|Any CPU.ActiveCfg = Debug|Any CPU
		{C7401828-F7A7-441D-BD35-9441A15EFB8B}.Debug|Any CPU.Build.0 = Debug|Any CPU
		{C7401828-F7A7-441D-BD35-9441A15EFB8B}.Release|Any CPU.ActiveCfg = Release|Any CPU
		{C7401828-F7A7-441D-BD35-9441A15EFB8B}.Release|Any CPU.Build.0 = Release|Any CPU
		{ED163AA0-2B5C-4EBA-A69C-D735CF206D61}.Debug|Any CPU.ActiveCfg = Debug|Any CPU
		{ED163AA0-2B5C-4EBA-A69C-D735CF206D61}.Debug|Any CPU.Build.0 = Debug|Any CPU
		{ED163AA0-2B5C-4EBA-A69C-D735CF206D61}.Release|Any CPU.ActiveCfg = Release|Any CPU
		{ED163AA0-2B5C-4EBA-A69C-D735CF206D61}.Release|Any CPU.Build.0 = Release|Any CPU
	EndGlobalSection
	GlobalSection(SolutionProperties) = preSolution
		HideSolutionNode = FALSE
	EndGlobalSection
	GlobalSection(NestedProjects) = preSolution
		{1AC3BDF2-4D2C-4A39-A99F-14B72DFAF532} = {88995739-A081-4626-A4FF-CC3E5A10212B}
		{C7401828-F7A7-441D-BD35-9441A15EFB8B} = {1AC3BDF2-4D2C-4A39-A99F-14B72DFAF532}
	EndGlobalSection
	GlobalSection(ExtensibilityGlobals) = postSolution
		SolutionGuid = {BCC92D7A-EFC0-41FC-8589-42414D2A9B29}
	EndGlobalSection
EndGlobal
